
Microsoft Visual Studio Solution File, Format Version 12.00
# Visual Studio 15
VisualStudioVersion = 15.0.26124.0
MinimumVisualStudioVersion = 15.0.26124.0
Project("{FAE04EC0-301F-11D3-BF4B-00C04F79EFBC}") = "tests", "tests\tests.csproj", "{E6A9CD38-FF6E-426B-A4F0-CF51E818E59E}"
EndProject
Project("{2150E333-8FDC-42A3-9474-1A3956D46DE8}") = "src", "src", "{3E2D16BB-280D-46E9-88A8-A2BAE3A5AFB3}"
EndProject
Project("{FAE04EC0-301F-11D3-BF4B-00C04F79EFBC}") = "domain", "src\domain\domain.csproj", "{F971BBF2-8675-4ACC-85E6-D26297A8FEE7}"
EndProject
Global
	GlobalSection(SolutionConfigurationPlatforms) = preSolution
		Debug|Any CPU = Debug|Any CPU
		Debug|x64 = Debug|x64
		Debug|x86 = Debug|x86
		Release|Any CPU = Release|Any CPU
		Release|x64 = Release|x64
		Release|x86 = Release|x86
	EndGlobalSection
	GlobalSection(SolutionProperties) = preSolution
		HideSolutionNode = FALSE
	EndGlobalSection
	GlobalSection(ProjectConfigurationPlatforms) = postSolution
		{E6A9CD38-FF6E-426B-A4F0-CF51E818E59E}.Debug|Any CPU.ActiveCfg = Debug|Any CPU
		{E6A9CD38-FF6E-426B-A4F0-CF51E818E59E}.Debug|Any CPU.Build.0 = Debug|Any CPU
		{E6A9CD38-FF6E-426B-A4F0-CF51E818E59E}.Debug|x64.ActiveCfg = Debug|Any CPU
		{E6A9CD38-FF6E-426B-A4F0-CF51E818E59E}.Debug|x64.Build.0 = Debug|Any CPU
		{E6A9CD38-FF6E-426B-A4F0-CF51E818E59E}.Debug|x86.ActiveCfg = Debug|Any CPU
		{E6A9CD38-FF6E-426B-A4F0-CF51E818E59E}.Debug|x86.Build.0 = Debug|Any CPU
		{E6A9CD38-FF6E-426B-A4F0-CF51E818E59E}.Release|Any CPU.ActiveCfg = Release|Any CPU
		{E6A9CD38-FF6E-426B-A4F0-CF51E818E59E}.Release|Any CPU.Build.0 = Release|Any CPU
		{E6A9CD38-FF6E-426B-A4F0-CF51E818E59E}.Release|x64.ActiveCfg = Release|Any CPU
		{E6A9CD38-FF6E-426B-A4F0-CF51E818E59E}.Release|x64.Build.0 = Release|Any CPU
		{E6A9CD38-FF6E-426B-A4F0-CF51E818E59E}.Release|x86.ActiveCfg = Release|Any CPU
		{E6A9CD38-FF6E-426B-A4F0-CF51E818E59E}.Release|x86.Build.0 = Release|Any CPU
		{F971BBF2-8675-4ACC-85E6-D26297A8FEE7}.Debug|Any CPU.ActiveCfg = Debug|Any CPU
		{F971BBF2-8675-4ACC-85E6-D26297A8FEE7}.Debug|Any CPU.Build.0 = Debug|Any CPU
		{F971BBF2-8675-4ACC-85E6-D26297A8FEE7}.Debug|x64.ActiveCfg = Debug|Any CPU
		{F971BBF2-8675-4ACC-85E6-D26297A8FEE7}.Debug|x64.Build.0 = Debug|Any CPU
		{F971BBF2-8675-4ACC-85E6-D26297A8FEE7}.Debug|x86.ActiveCfg = Debug|Any CPU
		{F971BBF2-8675-4ACC-85E6-D26297A8FEE7}.Debug|x86.Build.0 = Debug|Any CPU
		{F971BBF2-8675-4ACC-85E6-D26297A8FEE7}.Release|Any CPU.ActiveCfg = Release|Any CPU
		{F971BBF2-8675-4ACC-85E6-D26297A8FEE7}.Release|Any CPU.Build.0 = Release|Any CPU
		{F971BBF2-8675-4ACC-85E6-D26297A8FEE7}.Release|x64.ActiveCfg = Release|Any CPU
		{F971BBF2-8675-4ACC-85E6-D26297A8FEE7}.Release|x64.Build.0 = Release|Any CPU
		{F971BBF2-8675-4ACC-85E6-D26297A8FEE7}.Release|x86.ActiveCfg = Release|Any CPU
		{F971BBF2-8675-4ACC-85E6-D26297A8FEE7}.Release|x86.Build.0 = Release|Any CPU
	EndGlobalSection
	GlobalSection(NestedProjects) = preSolution
		{F971BBF2-8675-4ACC-85E6-D26297A8FEE7} = {3E2D16BB-280D-46E9-88A8-A2BAE3A5AFB3}
	EndGlobalSection
EndGlobal
